// !$*UTF8*$!
{
	archiveVersion = 1;
	classes = {
	};
	objectVersion = 48;
	objects = {

/* Begin PBXBuildFile section */
		275736642007297400AA4AF7 /* Balance.xib in Resources */ = {isa = PBXBuildFile; fileRef = 275736632007297400AA4AF7 /* Balance.xib */; };
		275736662007297B00AA4AF7 /* Balance.swift in Sources */ = {isa = PBXBuildFile; fileRef = 275736652007297B00AA4AF7 /* Balance.swift */; };
		2757366820072F2500AA4AF7 /* FirstViewController.swift in Sources */ = {isa = PBXBuildFile; fileRef = 2757366720072F2500AA4AF7 /* FirstViewController.swift */; };
		278CCE041FF5DF4100EC046A /* AppDelegate.swift in Sources */ = {isa = PBXBuildFile; fileRef = 278CCE031FF5DF4100EC046A /* AppDelegate.swift */; };
		278CCE091FF5DF4100EC046A /* Main.storyboard in Resources */ = {isa = PBXBuildFile; fileRef = 278CCE071FF5DF4100EC046A /* Main.storyboard */; };
		278CCE0B1FF5DF4100EC046A /* Assets.xcassets in Resources */ = {isa = PBXBuildFile; fileRef = 278CCE0A1FF5DF4100EC046A /* Assets.xcassets */; };
		278CCE0E1FF5DF4100EC046A /* LaunchScreen.storyboard in Resources */ = {isa = PBXBuildFile; fileRef = 278CCE0C1FF5DF4100EC046A /* LaunchScreen.storyboard */; };
		278CCE191FF5DF4100EC046A /* TestingTests.swift in Sources */ = {isa = PBXBuildFile; fileRef = 278CCE181FF5DF4100EC046A /* TestingTests.swift */; };
		278CCE241FF5DF4100EC046A /* TestingUITests.swift in Sources */ = {isa = PBXBuildFile; fileRef = 278CCE231FF5DF4100EC046A /* TestingUITests.swift */; };
/* End PBXBuildFile section */

/* Begin PBXContainerItemProxy section */
		278CCE151FF5DF4100EC046A /* PBXContainerItemProxy */ = {
			isa = PBXContainerItemProxy;
			containerPortal = 278CCDF81FF5DF4100EC046A /* Project object */;
			proxyType = 1;
			remoteGlobalIDString = 278CCDFF1FF5DF4100EC046A;
			remoteInfo = Testing;
		};
		278CCE201FF5DF4100EC046A /* PBXContainerItemProxy */ = {
			isa = PBXContainerItemProxy;
			containerPortal = 278CCDF81FF5DF4100EC046A /* Project object */;
			proxyType = 1;
			remoteGlobalIDString = 278CCDFF1FF5DF4100EC046A;
			remoteInfo = Testing;
		};
/* End PBXContainerItemProxy section */

/* Begin PBXFileReference section */
		275736632007297400AA4AF7 /* Balance.xib */ = {isa = PBXFileReference; lastKnownFileType = file.xib; path = Balance.xib; sourceTree = "<group>"; };
		275736652007297B00AA4AF7 /* Balance.swift */ = {isa = PBXFileReference; lastKnownFileType = sourcecode.swift; path = Balance.swift; sourceTree = "<group>"; };
		2757366720072F2500AA4AF7 /* FirstViewController.swift */ = {isa = PBXFileReference; lastKnownFileType = sourcecode.swift; path = FirstViewController.swift; sourceTree = "<group>"; };
		278CCE001FF5DF4100EC046A /* Testing.app */ = {isa = PBXFileReference; explicitFileType = wrapper.application; includeInIndex = 0; path = Testing.app; sourceTree = BUILT_PRODUCTS_DIR; };
		278CCE031FF5DF4100EC046A /* AppDelegate.swift */ = {isa = PBXFileReference; lastKnownFileType = sourcecode.swift; path = AppDelegate.swift; sourceTree = "<group>"; };
		278CCE081FF5DF4100EC046A /* Base */ = {isa = PBXFileReference; lastKnownFileType = file.storyboard; name = Base; path = Base.lproj/Main.storyboard; sourceTree = "<group>"; };
		278CCE0A1FF5DF4100EC046A /* Assets.xcassets */ = {isa = PBXFileReference; lastKnownFileType = folder.assetcatalog; path = Assets.xcassets; sourceTree = "<group>"; };
		278CCE0D1FF5DF4100EC046A /* Base */ = {isa = PBXFileReference; lastKnownFileType = file.storyboard; name = Base; path = Base.lproj/LaunchScreen.storyboard; sourceTree = "<group>"; };
		278CCE0F1FF5DF4100EC046A /* Info.plist */ = {isa = PBXFileReference; lastKnownFileType = text.plist.xml; path = Info.plist; sourceTree = "<group>"; };
		278CCE141FF5DF4100EC046A /* TestingTests.xctest */ = {isa = PBXFileReference; explicitFileType = wrapper.cfbundle; includeInIndex = 0; path = TestingTests.xctest; sourceTree = BUILT_PRODUCTS_DIR; };
		278CCE181FF5DF4100EC046A /* TestingTests.swift */ = {isa = PBXFileReference; lastKnownFileType = sourcecode.swift; path = TestingTests.swift; sourceTree = "<group>"; };
		278CCE1A1FF5DF4100EC046A /* Info.plist */ = {isa = PBXFileReference; lastKnownFileType = text.plist.xml; path = Info.plist; sourceTree = "<group>"; };
		278CCE1F1FF5DF4100EC046A /* TestingUITests.xctest */ = {isa = PBXFileReference; explicitFileType = wrapper.cfbundle; includeInIndex = 0; path = TestingUITests.xctest; sourceTree = BUILT_PRODUCTS_DIR; };
		278CCE231FF5DF4100EC046A /* TestingUITests.swift */ = {isa = PBXFileReference; lastKnownFileType = sourcecode.swift; path = TestingUITests.swift; sourceTree = "<group>"; };
		278CCE251FF5DF4100EC046A /* Info.plist */ = {isa = PBXFileReference; lastKnownFileType = text.plist.xml; path = Info.plist; sourceTree = "<group>"; };
/* End PBXFileReference section */

/* Begin PBXFrameworksBuildPhase section */
		278CCDFD1FF5DF4100EC046A /* Frameworks */ = {
			isa = PBXFrameworksBuildPhase;
			buildActionMask = 2147483647;
			files = (
			);
			runOnlyForDeploymentPostprocessing = 0;
		};
		278CCE111FF5DF4100EC046A /* Frameworks */ = {
			isa = PBXFrameworksBuildPhase;
			buildActionMask = 2147483647;
			files = (
			);
			runOnlyForDeploymentPostprocessing = 0;
		};
		278CCE1C1FF5DF4100EC046A /* Frameworks */ = {
			isa = PBXFrameworksBuildPhase;
			buildActionMask = 2147483647;
			files = (
			);
			runOnlyForDeploymentPostprocessing = 0;
		};
/* End PBXFrameworksBuildPhase section */

/* Begin PBXGroup section */
		278CCDF71FF5DF4100EC046A = {
			isa = PBXGroup;
			children = (
				278CCE021FF5DF4100EC046A /* Testing */,
				278CCE171FF5DF4100EC046A /* TestingTests */,
				278CCE221FF5DF4100EC046A /* TestingUITests */,
				278CCE011FF5DF4100EC046A /* Products */,
			);
			sourceTree = "<group>";
		};
		278CCE011FF5DF4100EC046A /* Products */ = {
			isa = PBXGroup;
			children = (
				278CCE001FF5DF4100EC046A /* Testing.app */,
				278CCE141FF5DF4100EC046A /* TestingTests.xctest */,
				278CCE1F1FF5DF4100EC046A /* TestingUITests.xctest */,
			);
			name = Products;
			sourceTree = "<group>";
		};
		278CCE021FF5DF4100EC046A /* Testing */ = {
			isa = PBXGroup;
			children = (
				278CCE031FF5DF4100EC046A /* AppDelegate.swift */,
				278CCE071FF5DF4100EC046A /* Main.storyboard */,
				2757366720072F2500AA4AF7 /* FirstViewController.swift */,
				278CCE0A1FF5DF4100EC046A /* Assets.xcassets */,
				278CCE0C1FF5DF4100EC046A /* LaunchScreen.storyboard */,
				278CCE0F1FF5DF4100EC046A /* Info.plist */,
				275736632007297400AA4AF7 /* Balance.xib */,
				275736652007297B00AA4AF7 /* Balance.swift */,
			);
			path = Testing;
			sourceTree = "<group>";
		};
		278CCE171FF5DF4100EC046A /* TestingTests */ = {
			isa = PBXGroup;
			children = (
				278CCE181FF5DF4100EC046A /* TestingTests.swift */,
				278CCE1A1FF5DF4100EC046A /* Info.plist */,
			);
			path = TestingTests;
			sourceTree = "<group>";
		};
		278CCE221FF5DF4100EC046A /* TestingUITests */ = {
			isa = PBXGroup;
			children = (
				278CCE231FF5DF4100EC046A /* TestingUITests.swift */,
				278CCE251FF5DF4100EC046A /* Info.plist */,
			);
			path = TestingUITests;
			sourceTree = "<group>";
		};
/* End PBXGroup section */

/* Begin PBXNativeTarget section */
		278CCDFF1FF5DF4100EC046A /* Testing */ = {
			isa = PBXNativeTarget;
			buildConfigurationList = 278CCE281FF5DF4100EC046A /* Build configuration list for PBXNativeTarget "Testing" */;
			buildPhases = (
				278CCDFC1FF5DF4100EC046A /* Sources */,
				278CCDFD1FF5DF4100EC046A /* Frameworks */,
				278CCDFE1FF5DF4100EC046A /* Resources */,
			);
			buildRules = (
			);
			dependencies = (
			);
			name = Testing;
			productName = Testing;
			productReference = 278CCE001FF5DF4100EC046A /* Testing.app */;
			productType = "com.apple.product-type.application";
		};
		278CCE131FF5DF4100EC046A /* TestingTests */ = {
			isa = PBXNativeTarget;
			buildConfigurationList = 278CCE2B1FF5DF4100EC046A /* Build configuration list for PBXNativeTarget "TestingTests" */;
			buildPhases = (
				278CCE101FF5DF4100EC046A /* Sources */,
				278CCE111FF5DF4100EC046A /* Frameworks */,
				278CCE121FF5DF4100EC046A /* Resources */,
			);
			buildRules = (
			);
			dependencies = (
				278CCE161FF5DF4100EC046A /* PBXTargetDependency */,
			);
			name = TestingTests;
			productName = TestingTests;
			productReference = 278CCE141FF5DF4100EC046A /* TestingTests.xctest */;
			productType = "com.apple.product-type.bundle.unit-test";
		};
		278CCE1E1FF5DF4100EC046A /* TestingUITests */ = {
			isa = PBXNativeTarget;
			buildConfigurationList = 278CCE2E1FF5DF4100EC046A /* Build configuration list for PBXNativeTarget "TestingUITests" */;
			buildPhases = (
				278CCE1B1FF5DF4100EC046A /* Sources */,
				278CCE1C1FF5DF4100EC046A /* Frameworks */,
				278CCE1D1FF5DF4100EC046A /* Resources */,
			);
			buildRules = (
			);
			dependencies = (
				278CCE211FF5DF4100EC046A /* PBXTargetDependency */,
			);
			name = TestingUITests;
			productName = TestingUITests;
			productReference = 278CCE1F1FF5DF4100EC046A /* TestingUITests.xctest */;
			productType = "com.apple.product-type.bundle.ui-testing";
		};
/* End PBXNativeTarget section */

/* Begin PBXProject section */
		278CCDF81FF5DF4100EC046A /* Project object */ = {
			isa = PBXProject;
			attributes = {
				LastSwiftUpdateCheck = 0920;
				LastUpgradeCheck = 0920;
				ORGANIZATIONNAME = Mike;
				TargetAttributes = {
					278CCDFF1FF5DF4100EC046A = {
						CreatedOnToolsVersion = 9.2;
						ProvisioningStyle = Automatic;
					};
					278CCE131FF5DF4100EC046A = {
						CreatedOnToolsVersion = 9.2;
						ProvisioningStyle = Automatic;
						TestTargetID = 278CCDFF1FF5DF4100EC046A;
					};
					278CCE1E1FF5DF4100EC046A = {
						CreatedOnToolsVersion = 9.2;
						ProvisioningStyle = Automatic;
						TestTargetID = 278CCDFF1FF5DF4100EC046A;
					};
				};
			};
			buildConfigurationList = 278CCDFB1FF5DF4100EC046A /* Build configuration list for PBXProject "Testing" */;
			compatibilityVersion = "Xcode 8.0";
			developmentRegion = en;
			hasScannedForEncodings = 0;
			knownRegions = (
				en,
				Base,
			);
			mainGroup = 278CCDF71FF5DF4100EC046A;
			productRefGroup = 278CCE011FF5DF4100EC046A /* Products */;
			projectDirPath = "";
			projectRoot = "";
			targets = (
				278CCDFF1FF5DF4100EC046A /* Testing */,
				278CCE131FF5DF4100EC046A /* TestingTests */,
				278CCE1E1FF5DF4100EC046A /* TestingUITests */,
			);
		};
/* End PBXProject section */

/* Begin PBXResourcesBuildPhase section */
		278CCDFE1FF5DF4100EC046A /* Resources */ = {
			isa = PBXResourcesBuildPhase;
			buildActionMask = 2147483647;
			files = (
				278CCE0E1FF5DF4100EC046A /* LaunchScreen.storyboard in Resources */,
				278CCE0B1FF5DF4100EC046A /* Assets.xcassets in Resources */,
				275736642007297400AA4AF7 /* Balance.xib in Resources */,
				278CCE091FF5DF4100EC046A /* Main.storyboard in Resources */,
			);
			runOnlyForDeploymentPostprocessing = 0;
		};
		278CCE121FF5DF4100EC046A /* Resources */ = {
			isa = PBXResourcesBuildPhase;
			buildActionMask = 2147483647;
			files = (
			);
			runOnlyForDeploymentPostprocessing = 0;
		};
		278CCE1D1FF5DF4100EC046A /* Resources */ = {
			isa = PBXResourcesBuildPhase;
			buildActionMask = 2147483647;
			files = (
			);
			runOnlyForDeploymentPostprocessing = 0;
		};
/* End PBXResourcesBuildPhase section */

/* Begin PBXSourcesBuildPhase section */
		278CCDFC1FF5DF4100EC046A /* Sources */ = {
			isa = PBXSourcesBuildPhase;
			buildActionMask = 2147483647;
			files = (
				2757366820072F2500AA4AF7 /* FirstViewController.swift in Sources */,
				275736662007297B00AA4AF7 /* Balance.swift in Sources */,
				278CCE041FF5DF4100EC046A /* AppDelegate.swift in Sources */,
			);
			runOnlyForDeploymentPostprocessing = 0;
		};
		278CCE101FF5DF4100EC046A /* Sources */ = {
			isa = PBXSourcesBuildPhase;
			buildActionMask = 2147483647;
			files = (
				278CCE191FF5DF4100EC046A /* TestingTests.swift in Sources */,
			);
			runOnlyForDeploymentPostprocessing = 0;
		};
		278CCE1B1FF5DF4100EC046A /* Sources */ = {
			isa = PBXSourcesBuildPhase;
			buildActionMask = 2147483647;
			files = (
				278CCE241FF5DF4100EC046A /* TestingUITests.swift in Sources */,
			);
			runOnlyForDeploymentPostprocessing = 0;
		};
/* End PBXSourcesBuildPhase section */

/* Begin PBXTargetDependency section */
		278CCE161FF5DF4100EC046A /* PBXTargetDependency */ = {
			isa = PBXTargetDependency;
			target = 278CCDFF1FF5DF4100EC046A /* Testing */;
			targetProxy = 278CCE151FF5DF4100EC046A /* PBXContainerItemProxy */;
		};
		278CCE211FF5DF4100EC046A /* PBXTargetDependency */ = {
			isa = PBXTargetDependency;
			target = 278CCDFF1FF5DF4100EC046A /* Testing */;
			targetProxy = 278CCE201FF5DF4100EC046A /* PBXContainerItemProxy */;
		};
/* End PBXTargetDependency section */

/* Begin PBXVariantGroup section */
		278CCE071FF5DF4100EC046A /* Main.storyboard */ = {
			isa = PBXVariantGroup;
			children = (
				278CCE081FF5DF4100EC046A /* Base */,
			);
			name = Main.storyboard;
			sourceTree = "<group>";
		};
		278CCE0C1FF5DF4100EC046A /* LaunchScreen.storyboard */ = {
			isa = PBXVariantGroup;
			children = (
				278CCE0D1FF5DF4100EC046A /* Base */,
			);
			name = LaunchScreen.storyboard;
			sourceTree = "<group>";
		};
/* End PBXVariantGroup section */

/* Begin XCBuildConfiguration section */
		278CCE261FF5DF4100EC046A /* Debug */ = {
			isa = XCBuildConfiguration;
			buildSettings = {
				ALWAYS_SEARCH_USER_PATHS = NO;
				CLANG_ANALYZER_NONNULL = YES;
				CLANG_ANALYZER_NUMBER_OBJECT_CONVERSION = YES_AGGRESSIVE;
				CLANG_CXX_LANGUAGE_STANDARD = "gnu++14";
				CLANG_CXX_LIBRARY = "libc++";
				CLANG_ENABLE_MODULES = YES;
				CLANG_ENABLE_OBJC_ARC = YES;
				CLANG_WARN_BLOCK_CAPTURE_AUTORELEASING = YES;
				CLANG_WARN_BOOL_CONVERSION = YES;
				CLANG_WARN_COMMA = YES;
				CLANG_WARN_CONSTANT_CONVERSION = YES;
				CLANG_WARN_DIRECT_OBJC_ISA_USAGE = YES_ERROR;
				CLANG_WARN_DOCUMENTATION_COMMENTS = YES;
				CLANG_WARN_EMPTY_BODY = YES;
				CLANG_WARN_ENUM_CONVERSION = YES;
				CLANG_WARN_INFINITE_RECURSION = YES;
				CLANG_WARN_INT_CONVERSION = YES;
				CLANG_WARN_NON_LITERAL_NULL_CONVERSION = YES;
				CLANG_WARN_OBJC_LITERAL_CONVERSION = YES;
				CLANG_WARN_OBJC_ROOT_CLASS = YES_ERROR;
				CLANG_WARN_RANGE_LOOP_ANALYSIS = YES;
				CLANG_WARN_STRICT_PROTOTYPES = YES;
				CLANG_WARN_SUSPICIOUS_MOVE = YES;
				CLANG_WARN_UNGUARDED_AVAILABILITY = YES_AGGRESSIVE;
				CLANG_WARN_UNREACHABLE_CODE = YES;
				CLANG_WARN__DUPLICATE_METHOD_MATCH = YES;
				CODE_SIGN_IDENTITY = "iPhone Developer";
				COPY_PHASE_STRIP = NO;
				DEBUG_INFORMATION_FORMAT = dwarf;
				ENABLE_STRICT_OBJC_MSGSEND = YES;
				ENABLE_TESTABILITY = YES;
				GCC_C_LANGUAGE_STANDARD = gnu11;
				GCC_DYNAMIC_NO_PIC = NO;
				GCC_NO_COMMON_BLOCKS = YES;
				GCC_OPTIMIZATION_LEVEL = 0;
				GCC_PREPROCESSOR_DEFINITIONS = (
					"DEBUG=1",
					"$(inherited)",
				);
				GCC_WARN_64_TO_32_BIT_CONVERSION = YES;
				GCC_WARN_ABOUT_RETURN_TYPE = YES_ERROR;
				GCC_WARN_UNDECLARED_SELECTOR = YES;
				GCC_WARN_UNINITIALIZED_AUTOS = YES_AGGRESSIVE;
				GCC_WARN_UNUSED_FUNCTION = YES;
				GCC_WARN_UNUSED_VARIABLE = YES;
				IPHONEOS_DEPLOYMENT_TARGET = 11.2;
				MTL_ENABLE_DEBUG_INFO = YES;
				ONLY_ACTIVE_ARCH = YES;
				SDKROOT = iphoneos;
				SWIFT_ACTIVE_COMPILATION_CONDITIONS = DEBUG;
				SWIFT_OPTIMIZATION_LEVEL = "-Onone";
			};
			name = Debug;
		};
		278CCE271FF5DF4100EC046A /* Release */ = {
			isa = XCBuildConfiguration;
			buildSettings = {
				ALWAYS_SEARCH_USER_PATHS = NO;
				CLANG_ANALYZER_NONNULL = YES;
				CLANG_ANALYZER_NUMBER_OBJECT_CONVERSION = YES_AGGRESSIVE;
				CLANG_CXX_LANGUAGE_STANDARD = "gnu++14";
				CLANG_CXX_LIBRARY = "libc++";
				CLANG_ENABLE_MODULES = YES;
				CLANG_ENABLE_OBJC_ARC = YES;
				CLANG_WARN_BLOCK_CAPTURE_AUTORELEASING = YES;
				CLANG_WARN_BOOL_CONVERSION = YES;
				CLANG_WARN_COMMA = YES;
				CLANG_WARN_CONSTANT_CONVERSION = YES;
				CLANG_WARN_DIRECT_OBJC_ISA_USAGE = YES_ERROR;
				CLANG_WARN_DOCUMENTATION_COMMENTS = YES;
				CLANG_WARN_EMPTY_BODY = YES;
				CLANG_WARN_ENUM_CONVERSION = YES;
				CLANG_WARN_INFINITE_RECURSION = YES;
				CLANG_WARN_INT_CONVERSION = YES;
				CLANG_WARN_NON_LITERAL_NULL_CONVERSION = YES;
				CLANG_WARN_OBJC_LITERAL_CONVERSION = YES;
				CLANG_WARN_OBJC_ROOT_CLASS = YES_ERROR;
				CLANG_WARN_RANGE_LOOP_ANALYSIS = YES;
				CLANG_WARN_STRICT_PROTOTYPES = YES;
				CLANG_WARN_SUSPICIOUS_MOVE = YES;
				CLANG_WARN_UNGUARDED_AVAILABILITY = YES_AGGRESSIVE;
				CLANG_WARN_UNREACHABLE_CODE = YES;
				CLANG_WARN__DUPLICATE_METHOD_MATCH = YES;
				CODE_SIGN_IDENTITY = "iPhone Developer";
				COPY_PHASE_STRIP = NO;
				DEBUG_INFORMATION_FORMAT = "dwarf-with-dsym";
				ENABLE_NS_ASSERTIONS = NO;
				ENABLE_STRICT_OBJC_MSGSEND = YES;
				GCC_C_LANGUAGE_STANDARD = gnu11;
				GCC_NO_COMMON_BLOCKS = YES;
				GCC_WARN_64_TO_32_BIT_CONVERSION = YES;
				GCC_WARN_ABOUT_RETURN_TYPE = YES_ERROR;
				GCC_WARN_UNDECLARED_SELECTOR = YES;
				GCC_WARN_UNINITIALIZED_AUTOS = YES_AGGRESSIVE;
				GCC_WARN_UNUSED_FUNCTION = YES;
				GCC_WARN_UNUSED_VARIABLE = YES;
				IPHONEOS_DEPLOYMENT_TARGET = 11.2;
				MTL_ENABLE_DEBUG_INFO = NO;
				SDKROOT = iphoneos;
				SWIFT_OPTIMIZATION_LEVEL = "-Owholemodule";
				VALIDATE_PRODUCT = YES;
			};
			name = Release;
		};
		278CCE291FF5DF4100EC046A /* Debug */ = {
			isa = XCBuildConfiguration;
			buildSettings = {
				ASSETCATALOG_COMPILER_APPICON_NAME = AppIcon;
				CODE_SIGN_STYLE = Automatic;
				INFOPLIST_FILE = Testing/Info.plist;
				LD_RUNPATH_SEARCH_PATHS = "$(inherited) @executable_path/Frameworks";
				PRODUCT_BUNDLE_IDENTIFIER = d.Testing;
				PRODUCT_NAME = "$(TARGET_NAME)";
				SWIFT_VERSION = 4.0;
				TARGETED_DEVICE_FAMILY = "1,2";
			};
			name = Debug;
		};
		278CCE2A1FF5DF4100EC046A /* Release */ = {
			isa = XCBuildConfiguration;
			buildSettings = {
				ASSETCATALOG_COMPILER_APPICON_NAME = AppIcon;
				CODE_SIGN_STYLE = Automatic;
				INFOPLIST_FILE = Testing/Info.plist;
				LD_RUNPATH_SEARCH_PATHS = "$(inherited) @executable_path/Frameworks";
				PRODUCT_BUNDLE_IDENTIFIER = d.Testing;
				PRODUCT_NAME = "$(TARGET_NAME)";
				SWIFT_VERSION = 4.0;
				TARGETED_DEVICE_FAMILY = "1,2";
			};
			name = Release;
		};
		278CCE2C1FF5DF4100EC046A /* Debug */ = {
			isa = XCBuildConfiguration;
			buildSettings = {
				ALWAYS_EMBED_SWIFT_STANDARD_LIBRARIES = YES;
				BUNDLE_LOADER = "$(TEST_HOST)";
				CODE_SIGN_STYLE = Automatic;
				INFOPLIST_FILE = TestingTests/Info.plist;
				LD_RUNPATH_SEARCH_PATHS = "$(inherited) @executable_path/Frameworks @loader_path/Frameworks";
				PRODUCT_BUNDLE_IDENTIFIER = d.TestingTests;
				PRODUCT_NAME = "$(TARGET_NAME)";
				SWIFT_VERSION = 4.0;
				TARGETED_DEVICE_FAMILY = "1,2";
				TEST_HOST = "$(BUILT_PRODUCTS_DIR)/Testing.app/Testing";
			};
			name = Debug;
		};
		278CCE2D1FF5DF4100EC046A /* Release */ = {
			isa = XCBuildConfiguration;
			buildSettings = {
				ALWAYS_EMBED_SWIFT_STANDARD_LIBRARIES = YES;
				BUNDLE_LOADER = "$(TEST_HOST)";
				CODE_SIGN_STYLE = Automatic;
				INFOPLIST_FILE = TestingTests/Info.plist;
				LD_RUNPATH_SEARCH_PATHS = "$(inherited) @executable_path/Frameworks @loader_path/Frameworks";
				PRODUCT_BUNDLE_IDENTIFIER = d.TestingTests;
				PRODUCT_NAME = "$(TARGET_NAME)";
				SWIFT_VERSION = 4.0;
				TARGETED_DEVICE_FAMILY = "1,2";
				TEST_HOST = "$(BUILT_PRODUCTS_DIR)/Testing.app/Testing";
			};
			name = Release;
		};
		278CCE2F1FF5DF4100EC046A /* Debug */ = {
			isa = XCBuildConfiguration;
			buildSettings = {
				ALWAYS_EMBED_SWIFT_STANDARD_LIBRARIES = YES;
				CODE_SIGN_STYLE = Automatic;
				INFOPLIST_FILE = TestingUITests/Info.plist;
				LD_RUNPATH_SEARCH_PATHS = "$(inherited) @executable_path/Frameworks @loader_path/Frameworks";
				PRODUCT_BUNDLE_IDENTIFIER = d.TestingUITests;
				PRODUCT_NAME = "$(TARGET_NAME)";
				SWIFT_VERSION = 4.0;
				TARGETED_DEVICE_FAMILY = "1,2";
				TEST_TARGET_NAME = Testing;
			};
			name = Debug;
		};
		278CCE301FF5DF4100EC046A /* Release */ = {
			isa = XCBuildConfiguration;
			buildSettings = {
				ALWAYS_EMBED_SWIFT_STANDARD_LIBRARIES = YES;
				CODE_SIGN_STYLE = Automatic;
				INFOPLIST_FILE = TestingUITests/Info.plist;
				LD_RUNPATH_SEARCH_PATHS = "$(inherited) @executable_path/Frameworks @loader_path/Frameworks";
				PRODUCT_BUNDLE_IDENTIFIER = d.TestingUITests;
				PRODUCT_NAME = "$(TARGET_NAME)";
				SWIFT_VERSION = 4.0;
				TARGETED_DEVICE_FAMILY = "1,2";
				TEST_TARGET_NAME = Testing;
			};
			name = Release;
		};
/* End XCBuildConfiguration section */

/* Begin XCConfigurationList section */
		278CCDFB1FF5DF4100EC046A /* Build configuration list for PBXProject "Testing" */ = {
			isa = XCConfigurationList;
			buildConfigurations = (
				278CCE261FF5DF4100EC046A /* Debug */,
				278CCE271FF5DF4100EC046A /* Release */,
			);
			defaultConfigurationIsVisible = 0;
			defaultConfigurationName = Release;
		};
		278CCE281FF5DF4100EC046A /* Build configuration list for PBXNativeTarget "Testing" */ = {
			isa = XCConfigurationList;
			buildConfigurations = (
				278CCE291FF5DF4100EC046A /* Debug */,
				278CCE2A1FF5DF4100EC046A /* Release */,
			);
			defaultConfigurationIsVisible = 0;
			defaultConfigurationName = Release;
		};
		278CCE2B1FF5DF4100EC046A /* Build configuration list for PBXNativeTarget "TestingTests" */ = {
			isa = XCConfigurationList;
			buildConfigurations = (
				278CCE2C1FF5DF4100EC046A /* Debug */,
				278CCE2D1FF5DF4100EC046A /* Release */,
			);
			defaultConfigurationIsVisible = 0;
			defaultConfigurationName = Release;
		};
		278CCE2E1FF5DF4100EC046A /* Build configuration list for PBXNativeTarget "TestingUITests" */ = {
			isa = XCConfigurationList;
			buildConfigurations = (
				278CCE2F1FF5DF4100EC046A /* Debug */,
				278CCE301FF5DF4100EC046A /* Release */,
			);
			defaultConfigurationIsVisible = 0;
			defaultConfigurationName = Release;
		};
/* End XCConfigurationList section */
	};
	rootObject = 278CCDF81FF5DF4100EC046A /* Project object */;
}
